
Microsoft Visual Studio Solution File, Format Version 12.00
# Visual Studio Version 17
VisualStudioVersion = 17.14.36915.13 d17.14
MinimumVisualStudioVersion = 10.0.40219.1
Project("{FAE04EC0-301F-11D3-BF4B-00C04F79EFBC}") = "SiamToSlicerApp", "SiamToSlicerApp\SiamToSlicerApp.csproj", "{BCBF4E15-DCF5-4319-8D25-0D852868ED82}"
EndProject
Global
	GlobalSection(SolutionConfigurationPlatforms) = preSolution
		Debug|Any CPU = Debug|Any CPU
		Release|Any CPU = Release|Any CPU
	EndGlobalSection
	GlobalSection(ProjectConfigurationPlatforms) = postSolution
		{BCBF4E15-DCF5-4319-8D25-0D852868ED82}.Debug|Any CPU.ActiveCfg = Debug|Any CPU
		{BCBF4E15-DCF5-4319-8D25-0D852868ED82}.Debug|Any CPU.Build.0 = Debug|Any CPU
		{BCBF4E15-DCF5-4319-8D25-0D852868ED82}.Release|Any CPU.ActiveCfg = Release|Any CPU
		{BCBF4E15-DCF5-4319-8D25-0D852868ED82}.Release|Any CPU.Build.0 = Release|Any CPU
	EndGlobalSection
	GlobalSection(SolutionProperties) = preSolution
		HideSolutionNode = FALSE
	EndGlobalSection
	GlobalSection(ExtensibilityGlobals) = postSolution
		SolutionGuid = {C23A6207-E586-4A23-8E85-ABA3D3B255CF}
	EndGlobalSection
EndGlobal
